// !$*UTF8*$!
{
	archiveVersion = 1;
	classes = {
	};
	objectVersion = 50;
	objects = {

/* Begin PBXBuildFile section */
		4B70C99226CC1BF600B6CA19 /* AppDelegate.swift in Sources */ = {isa = PBXBuildFile; fileRef = 4B70C99126CC1BF600B6CA19 /* AppDelegate.swift */; };
		4B70C99426CC1BF600B6CA19 /* SceneDelegate.swift in Sources */ = {isa = PBXBuildFile; fileRef = 4B70C99326CC1BF600B6CA19 /* SceneDelegate.swift */; };
		4B70C99626CC1BF600B6CA19 /* ViewController.swift in Sources */ = {isa = PBXBuildFile; fileRef = 4B70C99526CC1BF600B6CA19 /* ViewController.swift */; };
		4B70C99926CC1BF600B6CA19 /* Main.storyboard in Resources */ = {isa = PBXBuildFile; fileRef = 4B70C99726CC1BF600B6CA19 /* Main.storyboard */; };
		4B70C99B26CC1BFA00B6CA19 /* Assets.xcassets in Resources */ = {isa = PBXBuildFile; fileRef = 4B70C99A26CC1BFA00B6CA19 /* Assets.xcassets */; };
		4B70C99E26CC1BFA00B6CA19 /* LaunchScreen.storyboard in Resources */ = {isa = PBXBuildFile; fileRef = 4B70C99C26CC1BFA00B6CA19 /* LaunchScreen.storyboard */; };
		4B70C9A926CC1BFA00B6CA19 /* InitialTipTests.swift in Sources */ = {isa = PBXBuildFile; fileRef = 4B70C9A826CC1BFA00B6CA19 /* InitialTipTests.swift */; };
		4B70C9B426CC1BFA00B6CA19 /* InitialTipUITests.swift in Sources */ = {isa = PBXBuildFile; fileRef = 4B70C9B326CC1BFA00B6CA19 /* InitialTipUITests.swift */; };
/* End PBXBuildFile section */

/* Begin PBXContainerItemProxy section */
		4B70C9A526CC1BFA00B6CA19 /* PBXContainerItemProxy */ = {
			isa = PBXContainerItemProxy;
			containerPortal = 4B70C98626CC1BF500B6CA19 /* Project object */;
			proxyType = 1;
			remoteGlobalIDString = 4B70C98D26CC1BF600B6CA19;
			remoteInfo = InitialTip;
		};
		4B70C9B026CC1BFA00B6CA19 /* PBXContainerItemProxy */ = {
			isa = PBXContainerItemProxy;
			containerPortal = 4B70C98626CC1BF500B6CA19 /* Project object */;
			proxyType = 1;
			remoteGlobalIDString = 4B70C98D26CC1BF600B6CA19;
			remoteInfo = InitialTip;
		};
/* End PBXContainerItemProxy section */

/* Begin PBXFileReference section */
		4B70C98E26CC1BF600B6CA19 /* InitialTip.app */ = {isa = PBXFileReference; explicitFileType = wrapper.application; includeInIndex = 0; path = InitialTip.app; sourceTree = BUILT_PRODUCTS_DIR; };
		4B70C99126CC1BF600B6CA19 /* AppDelegate.swift */ = {isa = PBXFileReference; lastKnownFileType = sourcecode.swift; path = AppDelegate.swift; sourceTree = "<group>"; };
		4B70C99326CC1BF600B6CA19 /* SceneDelegate.swift */ = {isa = PBXFileReference; lastKnownFileType = sourcecode.swift; path = SceneDelegate.swift; sourceTree = "<group>"; };
		4B70C99526CC1BF600B6CA19 /* ViewController.swift */ = {isa = PBXFileReference; lastKnownFileType = sourcecode.swift; path = ViewController.swift; sourceTree = "<group>"; };
		4B70C99826CC1BF600B6CA19 /* Base */ = {isa = PBXFileReference; lastKnownFileType = file.storyboard; name = Base; path = Base.lproj/Main.storyboard; sourceTree = "<group>"; };
		4B70C99A26CC1BFA00B6CA19 /* Assets.xcassets */ = {isa = PBXFileReference; lastKnownFileType = folder.assetcatalog; path = Assets.xcassets; sourceTree = "<group>"; };
		4B70C99D26CC1BFA00B6CA19 /* Base */ = {isa = PBXFileReference; lastKnownFileType = file.storyboard; name = Base; path = Base.lproj/LaunchScreen.storyboard; sourceTree = "<group>"; };
		4B70C99F26CC1BFA00B6CA19 /* Info.plist */ = {isa = PBXFileReference; lastKnownFileType = text.plist.xml; path = Info.plist; sourceTree = "<group>"; };
		4B70C9A426CC1BFA00B6CA19 /* InitialTipTests.xctest */ = {isa = PBXFileReference; explicitFileType = wrapper.cfbundle; includeInIndex = 0; path = InitialTipTests.xctest; sourceTree = BUILT_PRODUCTS_DIR; };
		4B70C9A826CC1BFA00B6CA19 /* InitialTipTests.swift */ = {isa = PBXFileReference; lastKnownFileType = sourcecode.swift; path = InitialTipTests.swift; sourceTree = "<group>"; };
		4B70C9AA26CC1BFA00B6CA19 /* Info.plist */ = {isa = PBXFileReference; lastKnownFileType = text.plist.xml; path = Info.plist; sourceTree = "<group>"; };
		4B70C9AF26CC1BFA00B6CA19 /* InitialTipUITests.xctest */ = {isa = PBXFileReference; explicitFileType = wrapper.cfbundle; includeInIndex = 0; path = InitialTipUITests.xctest; sourceTree = BUILT_PRODUCTS_DIR; };
		4B70C9B326CC1BFA00B6CA19 /* InitialTipUITests.swift */ = {isa = PBXFileReference; lastKnownFileType = sourcecode.swift; path = InitialTipUITests.swift; sourceTree = "<group>"; };
		4B70C9B526CC1BFA00B6CA19 /* Info.plist */ = {isa = PBXFileReference; lastKnownFileType = text.plist.xml; path = Info.plist; sourceTree = "<group>"; };
/* End PBXFileReference section */

/* Begin PBXFrameworksBuildPhase section */
		4B70C98B26CC1BF600B6CA19 /* Frameworks */ = {
			isa = PBXFrameworksBuildPhase;
			buildActionMask = 2147483647;
			files = (
			);
			runOnlyForDeploymentPostprocessing = 0;
		};
		4B70C9A126CC1BFA00B6CA19 /* Frameworks */ = {
			isa = PBXFrameworksBuildPhase;
			buildActionMask = 2147483647;
			files = (
			);
			runOnlyForDeploymentPostprocessing = 0;
		};
		4B70C9AC26CC1BFA00B6CA19 /* Frameworks */ = {
			isa = PBXFrameworksBuildPhase;
			buildActionMask = 2147483647;
			files = (
			);
			runOnlyForDeploymentPostprocessing = 0;
		};
/* End PBXFrameworksBuildPhase section */

/* Begin PBXGroup section */
		4B70C98526CC1BF500B6CA19 = {
			isa = PBXGroup;
			children = (
				4B70C99026CC1BF600B6CA19 /* InitialTip */,
				4B70C9A726CC1BFA00B6CA19 /* InitialTipTests */,
				4B70C9B226CC1BFA00B6CA19 /* InitialTipUITests */,
				4B70C98F26CC1BF600B6CA19 /* Products */,
			);
			sourceTree = "<group>";
		};
		4B70C98F26CC1BF600B6CA19 /* Products */ = {
			isa = PBXGroup;
			children = (
				4B70C98E26CC1BF600B6CA19 /* InitialTip.app */,
				4B70C9A426CC1BFA00B6CA19 /* InitialTipTests.xctest */,
				4B70C9AF26CC1BFA00B6CA19 /* InitialTipUITests.xctest */,
			);
			name = Products;
			sourceTree = "<group>";
		};
		4B70C99026CC1BF600B6CA19 /* InitialTip */ = {
			isa = PBXGroup;
			children = (
				4B70C99126CC1BF600B6CA19 /* AppDelegate.swift */,
				4B70C99326CC1BF600B6CA19 /* SceneDelegate.swift */,
				4B70C99526CC1BF600B6CA19 /* ViewController.swift */,
				4B70C99726CC1BF600B6CA19 /* Main.storyboard */,
				4B70C99A26CC1BFA00B6CA19 /* Assets.xcassets */,
				4B70C99C26CC1BFA00B6CA19 /* LaunchScreen.storyboard */,
				4B70C99F26CC1BFA00B6CA19 /* Info.plist */,
			);
			path = InitialTip;
			sourceTree = "<group>";
		};
		4B70C9A726CC1BFA00B6CA19 /* InitialTipTests */ = {
			isa = PBXGroup;
			children = (
				4B70C9A826CC1BFA00B6CA19 /* InitialTipTests.swift */,
				4B70C9AA26CC1BFA00B6CA19 /* Info.plist */,
			);
			path = InitialTipTests;
			sourceTree = "<group>";
		};
		4B70C9B226CC1BFA00B6CA19 /* InitialTipUITests */ = {
			isa = PBXGroup;
			children = (
				4B70C9B326CC1BFA00B6CA19 /* InitialTipUITests.swift */,
				4B70C9B526CC1BFA00B6CA19 /* Info.plist */,
			);
			path = InitialTipUITests;
			sourceTree = "<group>";
		};
/* End PBXGroup section */

/* Begin PBXNativeTarget section */
		4B70C98D26CC1BF600B6CA19 /* InitialTip */ = {
			isa = PBXNativeTarget;
			buildConfigurationList = 4B70C9B826CC1BFA00B6CA19 /* Build configuration list for PBXNativeTarget "InitialTip" */;
			buildPhases = (
				4B70C98A26CC1BF600B6CA19 /* Sources */,
				4B70C98B26CC1BF600B6CA19 /* Frameworks */,
				4B70C98C26CC1BF600B6CA19 /* Resources */,
			);
			buildRules = (
			);
			dependencies = (
			);
			name = InitialTip;
			productName = InitialTip;
			productReference = 4B70C98E26CC1BF600B6CA19 /* InitialTip.app */;
			productType = "com.apple.product-type.application";
		};
		4B70C9A326CC1BFA00B6CA19 /* InitialTipTests */ = {
			isa = PBXNativeTarget;
			buildConfigurationList = 4B70C9BB26CC1BFA00B6CA19 /* Build configuration list for PBXNativeTarget "InitialTipTests" */;
			buildPhases = (
				4B70C9A026CC1BFA00B6CA19 /* Sources */,
				4B70C9A126CC1BFA00B6CA19 /* Frameworks */,
				4B70C9A226CC1BFA00B6CA19 /* Resources */,
			);
			buildRules = (
			);
			dependencies = (
				4B70C9A626CC1BFA00B6CA19 /* PBXTargetDependency */,
			);
			name = InitialTipTests;
			productName = InitialTipTests;
			productReference = 4B70C9A426CC1BFA00B6CA19 /* InitialTipTests.xctest */;
			productType = "com.apple.product-type.bundle.unit-test";
		};
		4B70C9AE26CC1BFA00B6CA19 /* InitialTipUITests */ = {
			isa = PBXNativeTarget;
			buildConfigurationList = 4B70C9BE26CC1BFA00B6CA19 /* Build configuration list for PBXNativeTarget "InitialTipUITests" */;
			buildPhases = (
				4B70C9AB26CC1BFA00B6CA19 /* Sources */,
				4B70C9AC26CC1BFA00B6CA19 /* Frameworks */,
				4B70C9AD26CC1BFA00B6CA19 /* Resources */,
			);
			buildRules = (
			);
			dependencies = (
				4B70C9B126CC1BFA00B6CA19 /* PBXTargetDependency */,
			);
			name = InitialTipUITests;
			productName = InitialTipUITests;
			productReference = 4B70C9AF26CC1BFA00B6CA19 /* InitialTipUITests.xctest */;
			productType = "com.apple.product-type.bundle.ui-testing";
		};
/* End PBXNativeTarget section */

/* Begin PBXProject section */
		4B70C98626CC1BF500B6CA19 /* Project object */ = {
			isa = PBXProject;
			attributes = {
				LastSwiftUpdateCheck = 1250;
				LastUpgradeCheck = 1250;
				TargetAttributes = {
					4B70C98D26CC1BF600B6CA19 = {
						CreatedOnToolsVersion = 12.5;
					};
					4B70C9A326CC1BFA00B6CA19 = {
						CreatedOnToolsVersion = 12.5;
						TestTargetID = 4B70C98D26CC1BF600B6CA19;
					};
					4B70C9AE26CC1BFA00B6CA19 = {
						CreatedOnToolsVersion = 12.5;
						TestTargetID = 4B70C98D26CC1BF600B6CA19;
					};
				};
			};
			buildConfigurationList = 4B70C98926CC1BF500B6CA19 /* Build configuration list for PBXProject "InitialTip" */;
			compatibilityVersion = "Xcode 9.3";
			developmentRegion = en;
			hasScannedForEncodings = 0;
			knownRegions = (
				en,
				Base,
			);
			mainGroup = 4B70C98526CC1BF500B6CA19;
			productRefGroup = 4B70C98F26CC1BF600B6CA19 /* Products */;
			projectDirPath = "";
			projectRoot = "";
			targets = (
				4B70C98D26CC1BF600B6CA19 /* InitialTip */,
				4B70C9A326CC1BFA00B6CA19 /* InitialTipTests */,
				4B70C9AE26CC1BFA00B6CA19 /* InitialTipUITests */,
			);
		};
/* End PBXProject section */

/* Begin PBXResourcesBuildPhase section */
		4B70C98C26CC1BF600B6CA19 /* Resources */ = {
			isa = PBXResourcesBuildPhase;
			buildActionMask = 2147483647;
			files = (
				4B70C99E26CC1BFA00B6CA19 /* LaunchScreen.storyboard in Resources */,
				4B70C99B26CC1BFA00B6CA19 /* Assets.xcassets in Resources */,
				4B70C99926CC1BF600B6CA19 /* Main.storyboard in Resources */,
			);
			runOnlyForDeploymentPostprocessing = 0;
		};
		4B70C9A226CC1BFA00B6CA19 /* Resources */ = {
			isa = PBXResourcesBuildPhase;
			buildActionMask = 2147483647;
			files = (
			);
			runOnlyForDeploymentPostprocessing = 0;
		};
		4B70C9AD26CC1BFA00B6CA19 /* Resources */ = {
			isa = PBXResourcesBuildPhase;
			buildActionMask = 2147483647;
			files = (
			);
			runOnlyForDeploymentPostprocessing = 0;
		};
/* End PBXResourcesBuildPhase section */

/* Begin PBXSourcesBuildPhase section */
		4B70C98A26CC1BF600B6CA19 /* Sources */ = {
			isa = PBXSourcesBuildPhase;
			buildActionMask = 2147483647;
			files = (
				4B70C99626CC1BF600B6CA19 /* ViewController.swift in Sources */,
				4B70C99226CC1BF600B6CA19 /* AppDelegate.swift in Sources */,
				4B70C99426CC1BF600B6CA19 /* SceneDelegate.swift in Sources */,
			);
			runOnlyForDeploymentPostprocessing = 0;
		};
		4B70C9A026CC1BFA00B6CA19 /* Sources */ = {
			isa = PBXSourcesBuildPhase;
			buildActionMask = 2147483647;
			files = (
				4B70C9A926CC1BFA00B6CA19 /* InitialTipTests.swift in Sources */,
			);
			runOnlyForDeploymentPostprocessing = 0;
		};
		4B70C9AB26CC1BFA00B6CA19 /* Sources */ = {
			isa = PBXSourcesBuildPhase;
			buildActionMask = 2147483647;
			files = (
				4B70C9B426CC1BFA00B6CA19 /* InitialTipUITests.swift in Sources */,
			);
			runOnlyForDeploymentPostprocessing = 0;
		};
/* End PBXSourcesBuildPhase section */

/* Begin PBXTargetDependency section */
		4B70C9A626CC1BFA00B6CA19 /* PBXTargetDependency */ = {
			isa = PBXTargetDependency;
			target = 4B70C98D26CC1BF600B6CA19 /* InitialTip */;
			targetProxy = 4B70C9A526CC1BFA00B6CA19 /* PBXContainerItemProxy */;
		};
		4B70C9B126CC1BFA00B6CA19 /* PBXTargetDependency */ = {
			isa = PBXTargetDependency;
			target = 4B70C98D26CC1BF600B6CA19 /* InitialTip */;
			targetProxy = 4B70C9B026CC1BFA00B6CA19 /* PBXContainerItemProxy */;
		};
/* End PBXTargetDependency section */

/* Begin PBXVariantGroup section */
		4B70C99726CC1BF600B6CA19 /* Main.storyboard */ = {
			isa = PBXVariantGroup;
			children = (
				4B70C99826CC1BF600B6CA19 /* Base */,
			);
			name = Main.storyboard;
			sourceTree = "<group>";
		};
		4B70C99C26CC1BFA00B6CA19 /* LaunchScreen.storyboard */ = {
			isa = PBXVariantGroup;
			children = (
				4B70C99D26CC1BFA00B6CA19 /* Base */,
			);
			name = LaunchScreen.storyboard;
			sourceTree = "<group>";
		};
/* End PBXVariantGroup section */

/* Begin XCBuildConfiguration section */
		4B70C9B626CC1BFA00B6CA19 /* Debug */ = {
			isa = XCBuildConfiguration;
			buildSettings = {
				ALWAYS_SEARCH_USER_PATHS = NO;
				CLANG_ANALYZER_NONNULL = YES;
				CLANG_ANALYZER_NUMBER_OBJECT_CONVERSION = YES_AGGRESSIVE;
				CLANG_CXX_LANGUAGE_STANDARD = "gnu++14";
				CLANG_CXX_LIBRARY = "libc++";
				CLANG_ENABLE_MODULES = YES;
				CLANG_ENABLE_OBJC_ARC = YES;
				CLANG_ENABLE_OBJC_WEAK = YES;
				CLANG_WARN_BLOCK_CAPTURE_AUTORELEASING = YES;
				CLANG_WARN_BOOL_CONVERSION = YES;
				CLANG_WARN_COMMA = YES;
				CLANG_WARN_CONSTANT_CONVERSION = YES;
				CLANG_WARN_DEPRECATED_OBJC_IMPLEMENTATIONS = YES;
				CLANG_WARN_DIRECT_OBJC_ISA_USAGE = YES_ERROR;
				CLANG_WARN_DOCUMENTATION_COMMENTS = YES;
				CLANG_WARN_EMPTY_BODY = YES;
				CLANG_WARN_ENUM_CONVERSION = YES;
				CLANG_WARN_INFINITE_RECURSION = YES;
				CLANG_WARN_INT_CONVERSION = YES;
				CLANG_WARN_NON_LITERAL_NULL_CONVERSION = YES;
				CLANG_WARN_OBJC_IMPLICIT_RETAIN_SELF = YES;
				CLANG_WARN_OBJC_LITERAL_CONVERSION = YES;
				CLANG_WARN_OBJC_ROOT_CLASS = YES_ERROR;
				CLANG_WARN_QUOTED_INCLUDE_IN_FRAMEWORK_HEADER = YES;
				CLANG_WARN_RANGE_LOOP_ANALYSIS = YES;
				CLANG_WARN_STRICT_PROTOTYPES = YES;
				CLANG_WARN_SUSPICIOUS_MOVE = YES;
				CLANG_WARN_UNGUARDED_AVAILABILITY = YES_AGGRESSIVE;
				CLANG_WARN_UNREACHABLE_CODE = YES;
				CLANG_WARN__DUPLICATE_METHOD_MATCH = YES;
				COPY_PHASE_STRIP = NO;
				DEBUG_INFORMATION_FORMAT = dwarf;
				ENABLE_STRICT_OBJC_MSGSEND = YES;
				ENABLE_TESTABILITY = YES;
				GCC_C_LANGUAGE_STANDARD = gnu11;
				GCC_DYNAMIC_NO_PIC = NO;
				GCC_NO_COMMON_BLOCKS = YES;
				GCC_OPTIMIZATION_LEVEL = 0;
				GCC_PREPROCESSOR_DEFINITIONS = (
					"DEBUG=1",
					"$(inherited)",
				);
				GCC_WARN_64_TO_32_BIT_CONVERSION = YES;
				GCC_WARN_ABOUT_RETURN_TYPE = YES_ERROR;
				GCC_WARN_UNDECLARED_SELECTOR = YES;
				GCC_WARN_UNINITIALIZED_AUTOS = YES_AGGRESSIVE;
				GCC_WARN_UNUSED_FUNCTION = YES;
				GCC_WARN_UNUSED_VARIABLE = YES;
				IPHONEOS_DEPLOYMENT_TARGET = 14.5;
				MTL_ENABLE_DEBUG_INFO = INCLUDE_SOURCE;
				MTL_FAST_MATH = YES;
				ONLY_ACTIVE_ARCH = YES;
				SDKROOT = iphoneos;
				SWIFT_ACTIVE_COMPILATION_CONDITIONS = DEBUG;
				SWIFT_OPTIMIZATION_LEVEL = "-Onone";
			};
			name = Debug;
		};
		4B70C9B726CC1BFA00B6CA19 /* Release */ = {
			isa = XCBuildConfiguration;
			buildSettings = {
				ALWAYS_SEARCH_USER_PATHS = NO;
				CLANG_ANALYZER_NONNULL = YES;
				CLANG_ANALYZER_NUMBER_OBJECT_CONVERSION = YES_AGGRESSIVE;
				CLANG_CXX_LANGUAGE_STANDARD = "gnu++14";
				CLANG_CXX_LIBRARY = "libc++";
				CLANG_ENABLE_MODULES = YES;
				CLANG_ENABLE_OBJC_ARC = YES;
				CLANG_ENABLE_OBJC_WEAK = YES;
				CLANG_WARN_BLOCK_CAPTURE_AUTORELEASING = YES;
				CLANG_WARN_BOOL_CONVERSION = YES;
				CLANG_WARN_COMMA = YES;
				CLANG_WARN_CONSTANT_CONVERSION = YES;
				CLANG_WARN_DEPRECATED_OBJC_IMPLEMENTATIONS = YES;
				CLANG_WARN_DIRECT_OBJC_ISA_USAGE = YES_ERROR;
				CLANG_WARN_DOCUMENTATION_COMMENTS = YES;
				CLANG_WARN_EMPTY_BODY = YES;
				CLANG_WARN_ENUM_CONVERSION = YES;
				CLANG_WARN_INFINITE_RECURSION = YES;
				CLANG_WARN_INT_CONVERSION = YES;
				CLANG_WARN_NON_LITERAL_NULL_CONVERSION = YES;
				CLANG_WARN_OBJC_IMPLICIT_RETAIN_SELF = YES;
				CLANG_WARN_OBJC_LITERAL_CONVERSION = YES;
				CLANG_WARN_OBJC_ROOT_CLASS = YES_ERROR;
				CLANG_WARN_QUOTED_INCLUDE_IN_FRAMEWORK_HEADER = YES;
				CLANG_WARN_RANGE_LOOP_ANALYSIS = YES;
				CLANG_WARN_STRICT_PROTOTYPES = YES;
				CLANG_WARN_SUSPICIOUS_MOVE = YES;
				CLANG_WARN_UNGUARDED_AVAILABILITY = YES_AGGRESSIVE;
				CLANG_WARN_UNREACHABLE_CODE = YES;
				CLANG_WARN__DUPLICATE_METHOD_MATCH = YES;
				COPY_PHASE_STRIP = NO;
				DEBUG_INFORMATION_FORMAT = "dwarf-with-dsym";
				ENABLE_NS_ASSERTIONS = NO;
				ENABLE_STRICT_OBJC_MSGSEND = YES;
				GCC_C_LANGUAGE_STANDARD = gnu11;
				GCC_NO_COMMON_BLOCKS = YES;
				GCC_WARN_64_TO_32_BIT_CONVERSION = YES;
				GCC_WARN_ABOUT_RETURN_TYPE = YES_ERROR;
				GCC_WARN_UNDECLARED_SELECTOR = YES;
				GCC_WARN_UNINITIALIZED_AUTOS = YES_AGGRESSIVE;
				GCC_WARN_UNUSED_FUNCTION = YES;
				GCC_WARN_UNUSED_VARIABLE = YES;
				IPHONEOS_DEPLOYMENT_TARGET = 14.5;
				MTL_ENABLE_DEBUG_INFO = NO;
				MTL_FAST_MATH = YES;
				SDKROOT = iphoneos;
				SWIFT_COMPILATION_MODE = wholemodule;
				SWIFT_OPTIMIZATION_LEVEL = "-O";
				VALIDATE_PRODUCT = YES;
			};
			name = Release;
		};
		4B70C9B926CC1BFA00B6CA19 /* Debug */ = {
			isa = XCBuildConfiguration;
			buildSettings = {
				ASSETCATALOG_COMPILER_APPICON_NAME = AppIcon;
				ASSETCATALOG_COMPILER_GLOBAL_ACCENT_COLOR_NAME = AccentColor;
				CODE_SIGN_STYLE = Automatic;
				DEVELOPMENT_TEAM = 6P48MWPL7L;
				INFOPLIST_FILE = InitialTip/Info.plist;
				LD_RUNPATH_SEARCH_PATHS = (
					"$(inherited)",
					"@executable_path/Frameworks",
				);
				PRODUCT_BUNDLE_IDENTIFIER = com.nima.InitialTip;
				PRODUCT_NAME = "$(TARGET_NAME)";
				SWIFT_VERSION = 5.0;
				TARGETED_DEVICE_FAMILY = "1,2";
			};
			name = Debug;
		};
		4B70C9BA26CC1BFA00B6CA19 /* Release */ = {
			isa = XCBuildConfiguration;
			buildSettings = {
				ASSETCATALOG_COMPILER_APPICON_NAME = AppIcon;
				ASSETCATALOG_COMPILER_GLOBAL_ACCENT_COLOR_NAME = AccentColor;
				CODE_SIGN_STYLE = Automatic;
				DEVELOPMENT_TEAM = 6P48MWPL7L;
				INFOPLIST_FILE = InitialTip/Info.plist;
				LD_RUNPATH_SEARCH_PATHS = (
					"$(inherited)",
					"@executable_path/Frameworks",
				);
				PRODUCT_BUNDLE_IDENTIFIER = com.nima.InitialTip;
				PRODUCT_NAME = "$(TARGET_NAME)";
				SWIFT_VERSION = 5.0;
				TARGETED_DEVICE_FAMILY = "1,2";
			};
			name = Release;
		};
		4B70C9BC26CC1BFA00B6CA19 /* Debug */ = {
			isa = XCBuildConfiguration;
			buildSettings = {
				ALWAYS_EMBED_SWIFT_STANDARD_LIBRARIES = YES;
				BUNDLE_LOADER = "$(TEST_HOST)";
				CODE_SIGN_STYLE = Automatic;
				DEVELOPMENT_TEAM = 6P48MWPL7L;
				INFOPLIST_FILE = InitialTipTests/Info.plist;
				IPHONEOS_DEPLOYMENT_TARGET = 14.5;
				LD_RUNPATH_SEARCH_PATHS = (
					"$(inherited)",
					"@executable_path/Frameworks",
					"@loader_path/Frameworks",
				);
				PRODUCT_BUNDLE_IDENTIFIER = com.nima.InitialTipTests;
				PRODUCT_NAME = "$(TARGET_NAME)";
				SWIFT_VERSION = 5.0;
				TARGETED_DEVICE_FAMILY = "1,2";
				TEST_HOST = "$(BUILT_PRODUCTS_DIR)/InitialTip.app/InitialTip";
			};
			name = Debug;
		};
		4B70C9BD26CC1BFA00B6CA19 /* Release */ = {
			isa = XCBuildConfiguration;
			buildSettings = {
				ALWAYS_EMBED_SWIFT_STANDARD_LIBRARIES = YES;
				BUNDLE_LOADER = "$(TEST_HOST)";
				CODE_SIGN_STYLE = Automatic;
				DEVELOPMENT_TEAM = 6P48MWPL7L;
				INFOPLIST_FILE = InitialTipTests/Info.plist;
				IPHONEOS_DEPLOYMENT_TARGET = 14.5;
				LD_RUNPATH_SEARCH_PATHS = (
					"$(inherited)",
					"@executable_path/Frameworks",
					"@loader_path/Frameworks",
				);
				PRODUCT_BUNDLE_IDENTIFIER = com.nima.InitialTipTests;
				PRODUCT_NAME = "$(TARGET_NAME)";
				SWIFT_VERSION = 5.0;
				TARGETED_DEVICE_FAMILY = "1,2";
				TEST_HOST = "$(BUILT_PRODUCTS_DIR)/InitialTip.app/InitialTip";
			};
			name = Release;
		};
		4B70C9BF26CC1BFA00B6CA19 /* Debug */ = {
			isa = XCBuildConfiguration;
			buildSettings = {
				ALWAYS_EMBED_SWIFT_STANDARD_LIBRARIES = YES;
				CODE_SIGN_STYLE = Automatic;
				DEVELOPMENT_TEAM = 6P48MWPL7L;
				INFOPLIST_FILE = InitialTipUITests/Info.plist;
				LD_RUNPATH_SEARCH_PATHS = (
					"$(inherited)",
					"@executable_path/Frameworks",
					"@loader_path/Frameworks",
				);
				PRODUCT_BUNDLE_IDENTIFIER = com.nima.InitialTipUITests;
				PRODUCT_NAME = "$(TARGET_NAME)";
				SWIFT_VERSION = 5.0;
				TARGETED_DEVICE_FAMILY = "1,2";
				TEST_TARGET_NAME = InitialTip;
			};
			name = Debug;
		};
		4B70C9C026CC1BFA00B6CA19 /* Release */ = {
			isa = XCBuildConfiguration;
			buildSettings = {
				ALWAYS_EMBED_SWIFT_STANDARD_LIBRARIES = YES;
				CODE_SIGN_STYLE = Automatic;
				DEVELOPMENT_TEAM = 6P48MWPL7L;
				INFOPLIST_FILE = InitialTipUITests/Info.plist;
				LD_RUNPATH_SEARCH_PATHS = (
					"$(inherited)",
					"@executable_path/Frameworks",
					"@loader_path/Frameworks",
				);
				PRODUCT_BUNDLE_IDENTIFIER = com.nima.InitialTipUITests;
				PRODUCT_NAME = "$(TARGET_NAME)";
				SWIFT_VERSION = 5.0;
				TARGETED_DEVICE_FAMILY = "1,2";
				TEST_TARGET_NAME = InitialTip;
			};
			name = Release;
		};
/* End XCBuildConfiguration section */

/* Begin XCConfigurationList section */
		4B70C98926CC1BF500B6CA19 /* Build configuration list for PBXProject "InitialTip" */ = {
			isa = XCConfigurationList;
			buildConfigurations = (
				4B70C9B626CC1BFA00B6CA19 /* Debug */,
				4B70C9B726CC1BFA00B6CA19 /* Release */,
			);
			defaultConfigurationIsVisible = 0;
			defaultConfigurationName = Release;
		};
		4B70C9B826CC1BFA00B6CA19 /* Build configuration list for PBXNativeTarget "InitialTip" */ = {
			isa = XCConfigurationList;
			buildConfigurations = (
				4B70C9B926CC1BFA00B6CA19 /* Debug */,
				4B70C9BA26CC1BFA00B6CA19 /* Release */,
			);
			defaultConfigurationIsVisible = 0;
			defaultConfigurationName = Release;
		};
		4B70C9BB26CC1BFA00B6CA19 /* Build configuration list for PBXNativeTarget "InitialTipTests" */ = {
			isa = XCConfigurationList;
			buildConfigurations = (
				4B70C9BC26CC1BFA00B6CA19 /* Debug */,
				4B70C9BD26CC1BFA00B6CA19 /* Release */,
			);
			defaultConfigurationIsVisible = 0;
			defaultConfigurationName = Release;
		};
		4B70C9BE26CC1BFA00B6CA19 /* Build configuration list for PBXNativeTarget "InitialTipUITests" */ = {
			isa = XCConfigurationList;
			buildConfigurations = (
				4B70C9BF26CC1BFA00B6CA19 /* Debug */,
				4B70C9C026CC1BFA00B6CA19 /* Release */,
			);
			defaultConfigurationIsVisible = 0;
			defaultConfigurationName = Release;
		};
/* End XCConfigurationList section */
	};
	rootObject = 4B70C98626CC1BF500B6CA19 /* Project object */;
}
